
Microsoft Visual Studio Solution File, Format Version 12.00

Project("{2150E333-8FDC-42A3-9474-1A3956D46DE8}") = "metadata", ".\", "{F1A57014-71CE-4032-A652-01B7E35E14DB}"
	ProjectSection(SolutionItems) = preProject
		.gitignore = .gitignore
		README.md = README.md
		stylecop.json = stylecop.json
		stylecop.ruleset = stylecop.ruleset
		Directory.Build.props = Directory.Build.props
	EndProjectSection
EndProject

Project("{FAE04EC0-301F-11D3-BF4B-00C04F79EFBC}") = "Puzzle", "Puzzle\Puzzle.csproj", "{A6C9C796-C0DB-4830-B2B5-4F31A36ACBA0}"
EndProject
Project("{FAE04EC0-301F-11D3-BF4B-00C04F79EFBC}") = "Puzzle.Tests", "Puzzle.Tests\Puzzle.Tests.csproj", "{0FA2BA63-C80A-4B44-9FCC-1A4F24AFFBC4}"
EndProject
Global
	GlobalSection(SolutionConfigurationPlatforms) = preSolution
		Debug|Any CPU = Debug|Any CPU
		Release|Any CPU = Release|Any CPU
	EndGlobalSection
	GlobalSection(ProjectConfigurationPlatforms) = postSolution
		{A6C9C796-C0DB-4830-B2B5-4F31A36ACBA0}.Debug|Any CPU.ActiveCfg = Debug|Any CPU
		{A6C9C796-C0DB-4830-B2B5-4F31A36ACBA0}.Debug|Any CPU.Build.0 = Debug|Any CPU
		{A6C9C796-C0DB-4830-B2B5-4F31A36ACBA0}.Release|Any CPU.ActiveCfg = Release|Any CPU
		{A6C9C796-C0DB-4830-B2B5-4F31A36ACBA0}.Release|Any CPU.Build.0 = Release|Any CPU
		{0FA2BA63-C80A-4B44-9FCC-1A4F24AFFBC4}.Debug|Any CPU.ActiveCfg = Debug|Any CPU
		{0FA2BA63-C80A-4B44-9FCC-1A4F24AFFBC4}.Debug|Any CPU.Build.0 = Debug|Any CPU
		{0FA2BA63-C80A-4B44-9FCC-1A4F24AFFBC4}.Release|Any CPU.ActiveCfg = Release|Any CPU
		{0FA2BA63-C80A-4B44-9FCC-1A4F24AFFBC4}.Release|Any CPU.Build.0 = Release|Any CPU
	EndGlobalSection
EndGlobal
